
Microsoft Visual Studio Solution File, Format Version 12.00
# Visual Studio Version 17
VisualStudioVersion = 17.2.32526.322
MinimumVisualStudioVersion = 10.0.40219.1
Project("{FAE04EC0-301F-11D3-BF4B-00C04F79EFBC}") = "BestOil", "BestOil\BestOil.csproj", "{5BD46376-0057-4D62-B23D-72D04D4399C9}"
EndProject
Global
	GlobalSection(SolutionConfigurationPlatforms) = preSolution
		Debug|Any CPU = Debug|Any CPU
		Release|Any CPU = Release|Any CPU
	EndGlobalSection
	GlobalSection(ProjectConfigurationPlatforms) = postSolution
		{5BD46376-0057-4D62-B23D-72D04D4399C9}.Debug|Any CPU.ActiveCfg = Debug|Any CPU
		{5BD46376-0057-4D62-B23D-72D04D4399C9}.Debug|Any CPU.Build.0 = Debug|Any CPU
		{5BD46376-0057-4D62-B23D-72D04D4399C9}.Release|Any CPU.ActiveCfg = Release|Any CPU
		{5BD46376-0057-4D62-B23D-72D04D4399C9}.Release|Any CPU.Build.0 = Release|Any CPU
	EndGlobalSection
	GlobalSection(SolutionProperties) = preSolution
		HideSolutionNode = FALSE
	EndGlobalSection
	GlobalSection(ExtensibilityGlobals) = postSolution
		SolutionGuid = {CAC09DB7-F36A-4A5F-BB96-C57BA6AA00F1}
	EndGlobalSection
EndGlobal
